// !$*UTF8*$!
{
	archiveVersion = 1;
	classes = {
	};
	objectVersion = 46;
	objects = {

/* Begin PBXBuildFile section */
		36397F461DA4138C00E5E0A1 /* AppDelegate.swift in Sources */ = {isa = PBXBuildFile; fileRef = 36397F451DA4138C00E5E0A1 /* AppDelegate.swift */; };
		36397F4B1DA4138C00E5E0A1 /* Main.storyboard in Resources */ = {isa = PBXBuildFile; fileRef = 36397F491DA4138C00E5E0A1 /* Main.storyboard */; };
		36397F4E1DA4138C00E5E0A1 /* FIFA2017.xcdatamodeld in Sources */ = {isa = PBXBuildFile; fileRef = 36397F4C1DA4138C00E5E0A1 /* FIFA2017.xcdatamodeld */; };
		36397F5B1DA4139F00E5E0A1 /* Realm.framework in Frameworks */ = {isa = PBXBuildFile; fileRef = 36397F5A1DA4139F00E5E0A1 /* Realm.framework */; };
		36397F5C1DA4139F00E5E0A1 /* Realm.framework in Embed Frameworks */ = {isa = PBXBuildFile; fileRef = 36397F5A1DA4139F00E5E0A1 /* Realm.framework */; settings = {ATTRIBUTES = (CodeSignOnCopy, RemoveHeadersOnCopy, ); }; };
		36397F5F1DA413AA00E5E0A1 /* RealmSwift.framework in Frameworks */ = {isa = PBXBuildFile; fileRef = 36397F5E1DA413AA00E5E0A1 /* RealmSwift.framework */; };
		36397F601DA413AA00E5E0A1 /* RealmSwift.framework in Embed Frameworks */ = {isa = PBXBuildFile; fileRef = 36397F5E1DA413AA00E5E0A1 /* RealmSwift.framework */; settings = {ATTRIBUTES = (CodeSignOnCopy, RemoveHeadersOnCopy, ); }; };
		36397F621DA4B87600E5E0A1 /* DataType.swift in Sources */ = {isa = PBXBuildFile; fileRef = 36397F611DA4B87600E5E0A1 /* DataType.swift */; };
		36397F641DA4B90800E5E0A1 /* PlayerViewController.swift in Sources */ = {isa = PBXBuildFile; fileRef = 36397F631DA4B90800E5E0A1 /* PlayerViewController.swift */; };
		36397F661DA4B91900E5E0A1 /* GameViewController.swift in Sources */ = {isa = PBXBuildFile; fileRef = 36397F651DA4B91900E5E0A1 /* GameViewController.swift */; };
		36397F691DA4BA8700E5E0A1 /* user.png in Resources */ = {isa = PBXBuildFile; fileRef = 36397F671DA4BA8700E5E0A1 /* user.png */; };
		36397F6A1DA4BA8700E5E0A1 /* football.png in Resources */ = {isa = PBXBuildFile; fileRef = 36397F681DA4BA8700E5E0A1 /* football.png */; };
		36397F6C1DA4C24E00E5E0A1 /* AddPlayerViewController.swift in Sources */ = {isa = PBXBuildFile; fileRef = 36397F6B1DA4C24E00E5E0A1 /* AddPlayerViewController.swift */; };
		36397F6E1DA5933D00E5E0A1 /* AddGameViewController.swift in Sources */ = {isa = PBXBuildFile; fileRef = 36397F6D1DA5933D00E5E0A1 /* AddGameViewController.swift */; };
		36397F701DA95FED00E5E0A1 /* AddTeamViewController.swift in Sources */ = {isa = PBXBuildFile; fileRef = 36397F6F1DA95FED00E5E0A1 /* AddTeamViewController.swift */; };
		36397F721DAE71B700E5E0A1 /* SettingViewController.swift in Sources */ = {isa = PBXBuildFile; fileRef = 36397F711DAE71B700E5E0A1 /* SettingViewController.swift */; };
		36397F741DAE729400E5E0A1 /* spanner.png in Resources */ = {isa = PBXBuildFile; fileRef = 36397F731DAE729400E5E0A1 /* spanner.png */; };
		36397F761DAE86F000E5E0A1 /* shirt.png in Resources */ = {isa = PBXBuildFile; fileRef = 36397F751DAE86F000E5E0A1 /* shirt.png */; };
		36397F781DB4ACF300E5E0A1 /* opening.JPG in Resources */ = {isa = PBXBuildFile; fileRef = 36397F771DB4ACF300E5E0A1 /* opening.JPG */; };
		36397F7A1DB4AFC500E5E0A1 /* Media.xcassets in Resources */ = {isa = PBXBuildFile; fileRef = 36397F791DB4AFC500E5E0A1 /* Media.xcassets */; };
		36397F7C1DB4AFEA00E5E0A1 /* Launch Screen.storyboard in Resources */ = {isa = PBXBuildFile; fileRef = 36397F7B1DB4AFEA00E5E0A1 /* Launch Screen.storyboard */; };
		36397F821DB4B82A00E5E0A1 /* 60x2.png in Resources */ = {isa = PBXBuildFile; fileRef = 36397F811DB4B82A00E5E0A1 /* 60x2.png */; };
		36397F851DB4B89300E5E0A1 /* 60x3.png in Resources */ = {isa = PBXBuildFile; fileRef = 36397F841DB4B89300E5E0A1 /* 60x3.png */; };
		36397F871DB4B91500E5E0A1 /* 57x1.png in Resources */ = {isa = PBXBuildFile; fileRef = 36397F861DB4B91500E5E0A1 /* 57x1.png */; };
		36397F891DB4B93F00E5E0A1 /* 57x2.png in Resources */ = {isa = PBXBuildFile; fileRef = 36397F881DB4B93F00E5E0A1 /* 57x2.png */; };
		36397F8B1DB4B96600E5E0A1 /* 40x2.png in Resources */ = {isa = PBXBuildFile; fileRef = 36397F8A1DB4B96600E5E0A1 /* 40x2.png */; };
		36397F8D1DB4B9E500E5E0A1 /* 29x1.png in Resources */ = {isa = PBXBuildFile; fileRef = 36397F8C1DB4B9E500E5E0A1 /* 29x1.png */; };
		36397F8F1DB4BA0E00E5E0A1 /* 29x2.png in Resources */ = {isa = PBXBuildFile; fileRef = 36397F8E1DB4BA0E00E5E0A1 /* 29x2.png */; };
		36397F911DB4BA3E00E5E0A1 /* 29x3.png in Resources */ = {isa = PBXBuildFile; fileRef = 36397F901DB4BA3E00E5E0A1 /* 29x3.png */; };
		36397F931DB4BAA300E5E0A1 /* 20x2.png in Resources */ = {isa = PBXBuildFile; fileRef = 36397F921DB4BAA300E5E0A1 /* 20x2.png */; };
		36397F951DB4BAC100E5E0A1 /* 20x3.png in Resources */ = {isa = PBXBuildFile; fileRef = 36397F941DB4BAC100E5E0A1 /* 20x3.png */; };
		36397F971DB88BE300E5E0A1 /* AddLeagueViewController.swift in Sources */ = {isa = PBXBuildFile; fileRef = 36397F961DB88BE300E5E0A1 /* AddLeagueViewController.swift */; };
		36397F991DB8C19100E5E0A1 /* EachPlayerViewController.swift in Sources */ = {isa = PBXBuildFile; fileRef = 36397F981DB8C19100E5E0A1 /* EachPlayerViewController.swift */; };
/* End PBXBuildFile section */

/* Begin PBXCopyFilesBuildPhase section */
		36397F5D1DA4139F00E5E0A1 /* Embed Frameworks */ = {
			isa = PBXCopyFilesBuildPhase;
			buildActionMask = 2147483647;
			dstPath = "";
			dstSubfolderSpec = 10;
			files = (
				36397F601DA413AA00E5E0A1 /* RealmSwift.framework in Embed Frameworks */,
				36397F5C1DA4139F00E5E0A1 /* Realm.framework in Embed Frameworks */,
			);
			name = "Embed Frameworks";
			runOnlyForDeploymentPostprocessing = 0;
		};
/* End PBXCopyFilesBuildPhase section */

/* Begin PBXFileReference section */
		36397F421DA4138C00E5E0A1 /* FIFA2017.app */ = {isa = PBXFileReference; explicitFileType = wrapper.application; includeInIndex = 0; path = FIFA2017.app; sourceTree = BUILT_PRODUCTS_DIR; };
		36397F451DA4138C00E5E0A1 /* AppDelegate.swift */ = {isa = PBXFileReference; lastKnownFileType = sourcecode.swift; path = AppDelegate.swift; sourceTree = "<group>"; };
		36397F4A1DA4138C00E5E0A1 /* Base */ = {isa = PBXFileReference; lastKnownFileType = file.storyboard; name = Base; path = Base.lproj/Main.storyboard; sourceTree = "<group>"; };
		36397F4D1DA4138C00E5E0A1 /* FIFA2017.xcdatamodel */ = {isa = PBXFileReference; lastKnownFileType = wrapper.xcdatamodel; path = FIFA2017.xcdatamodel; sourceTree = "<group>"; };
		36397F541DA4138C00E5E0A1 /* Info.plist */ = {isa = PBXFileReference; lastKnownFileType = text.plist.xml; path = Info.plist; sourceTree = "<group>"; };
		36397F5A1DA4139F00E5E0A1 /* Realm.framework */ = {isa = PBXFileReference; lastKnownFileType = wrapper.framework; path = Realm.framework; sourceTree = "<group>"; };
		36397F5E1DA413AA00E5E0A1 /* RealmSwift.framework */ = {isa = PBXFileReference; lastKnownFileType = wrapper.framework; path = RealmSwift.framework; sourceTree = "<group>"; };
		36397F611DA4B87600E5E0A1 /* DataType.swift */ = {isa = PBXFileReference; fileEncoding = 4; lastKnownFileType = sourcecode.swift; path = DataType.swift; sourceTree = "<group>"; };
		36397F631DA4B90800E5E0A1 /* PlayerViewController.swift */ = {isa = PBXFileReference; fileEncoding = 4; lastKnownFileType = sourcecode.swift; path = PlayerViewController.swift; sourceTree = "<group>"; };
		36397F651DA4B91900E5E0A1 /* GameViewController.swift */ = {isa = PBXFileReference; fileEncoding = 4; lastKnownFileType = sourcecode.swift; path = GameViewController.swift; sourceTree = "<group>"; };
		36397F671DA4BA8700E5E0A1 /* user.png */ = {isa = PBXFileReference; lastKnownFileType = image.png; path = user.png; sourceTree = "<group>"; };
		36397F681DA4BA8700E5E0A1 /* football.png */ = {isa = PBXFileReference; lastKnownFileType = image.png; path = football.png; sourceTree = "<group>"; };
		36397F6B1DA4C24E00E5E0A1 /* AddPlayerViewController.swift */ = {isa = PBXFileReference; fileEncoding = 4; lastKnownFileType = sourcecode.swift; path = AddPlayerViewController.swift; sourceTree = "<group>"; };
		36397F6D1DA5933D00E5E0A1 /* AddGameViewController.swift */ = {isa = PBXFileReference; fileEncoding = 4; lastKnownFileType = sourcecode.swift; path = AddGameViewController.swift; sourceTree = "<group>"; };
		36397F6F1DA95FED00E5E0A1 /* AddTeamViewController.swift */ = {isa = PBXFileReference; fileEncoding = 4; lastKnownFileType = sourcecode.swift; path = AddTeamViewController.swift; sourceTree = "<group>"; };
		36397F711DAE71B700E5E0A1 /* SettingViewController.swift */ = {isa = PBXFileReference; fileEncoding = 4; lastKnownFileType = sourcecode.swift; path = SettingViewController.swift; sourceTree = "<group>"; };
		36397F731DAE729400E5E0A1 /* spanner.png */ = {isa = PBXFileReference; lastKnownFileType = image.png; path = spanner.png; sourceTree = "<group>"; };
		36397F751DAE86F000E5E0A1 /* shirt.png */ = {isa = PBXFileReference; lastKnownFileType = image.png; path = shirt.png; sourceTree = "<group>"; };
		36397F771DB4ACF300E5E0A1 /* opening.JPG */ = {isa = PBXFileReference; lastKnownFileType = image.jpeg; path = opening.JPG; sourceTree = "<group>"; };
		36397F791DB4AFC500E5E0A1 /* Media.xcassets */ = {isa = PBXFileReference; lastKnownFileType = folder.assetcatalog; path = Media.xcassets; sourceTree = "<group>"; };
		36397F7B1DB4AFEA00E5E0A1 /* Launch Screen.storyboard */ = {isa = PBXFileReference; fileEncoding = 4; lastKnownFileType = file.storyboard; path = "Launch Screen.storyboard"; sourceTree = "<group>"; };
		36397F811DB4B82A00E5E0A1 /* 60x2.png */ = {isa = PBXFileReference; lastKnownFileType = image.png; path = 60x2.png; sourceTree = "<group>"; };
		36397F841DB4B89300E5E0A1 /* 60x3.png */ = {isa = PBXFileReference; lastKnownFileType = image.png; path = 60x3.png; sourceTree = "<group>"; };
		36397F861DB4B91500E5E0A1 /* 57x1.png */ = {isa = PBXFileReference; lastKnownFileType = image.png; path = 57x1.png; sourceTree = "<group>"; };
		36397F881DB4B93F00E5E0A1 /* 57x2.png */ = {isa = PBXFileReference; lastKnownFileType = image.png; path = 57x2.png; sourceTree = "<group>"; };
		36397F8A1DB4B96600E5E0A1 /* 40x2.png */ = {isa = PBXFileReference; lastKnownFileType = image.png; path = 40x2.png; sourceTree = "<group>"; };
		36397F8C1DB4B9E500E5E0A1 /* 29x1.png */ = {isa = PBXFileReference; lastKnownFileType = image.png; path = 29x1.png; sourceTree = "<group>"; };
		36397F8E1DB4BA0E00E5E0A1 /* 29x2.png */ = {isa = PBXFileReference; lastKnownFileType = image.png; path = 29x2.png; sourceTree = "<group>"; };
		36397F901DB4BA3E00E5E0A1 /* 29x3.png */ = {isa = PBXFileReference; lastKnownFileType = image.png; path = 29x3.png; sourceTree = "<group>"; };
		36397F921DB4BAA300E5E0A1 /* 20x2.png */ = {isa = PBXFileReference; lastKnownFileType = image.png; path = 20x2.png; sourceTree = "<group>"; };
		36397F941DB4BAC100E5E0A1 /* 20x3.png */ = {isa = PBXFileReference; lastKnownFileType = image.png; path = 20x3.png; sourceTree = "<group>"; };
		36397F961DB88BE300E5E0A1 /* AddLeagueViewController.swift */ = {isa = PBXFileReference; fileEncoding = 4; lastKnownFileType = sourcecode.swift; path = AddLeagueViewController.swift; sourceTree = "<group>"; };
		36397F981DB8C19100E5E0A1 /* EachPlayerViewController.swift */ = {isa = PBXFileReference; fileEncoding = 4; lastKnownFileType = sourcecode.swift; path = EachPlayerViewController.swift; sourceTree = "<group>"; };
/* End PBXFileReference section */

/* Begin PBXFrameworksBuildPhase section */
		36397F3F1DA4138C00E5E0A1 /* Frameworks */ = {
			isa = PBXFrameworksBuildPhase;
			buildActionMask = 2147483647;
			files = (
				36397F5F1DA413AA00E5E0A1 /* RealmSwift.framework in Frameworks */,
				36397F5B1DA4139F00E5E0A1 /* Realm.framework in Frameworks */,
			);
			runOnlyForDeploymentPostprocessing = 0;
		};
/* End PBXFrameworksBuildPhase section */

/* Begin PBXGroup section */
		36397F391DA4138C00E5E0A1 = {
			isa = PBXGroup;
			children = (
				36397F5E1DA413AA00E5E0A1 /* RealmSwift.framework */,
				36397F5A1DA4139F00E5E0A1 /* Realm.framework */,
				36397F441DA4138C00E5E0A1 /* FIFA2017 */,
				36397F431DA4138C00E5E0A1 /* Products */,
			);
			sourceTree = "<group>";
		};
		36397F431DA4138C00E5E0A1 /* Products */ = {
			isa = PBXGroup;
			children = (
				36397F421DA4138C00E5E0A1 /* FIFA2017.app */,
			);
			name = Products;
			sourceTree = "<group>";
		};
		36397F441DA4138C00E5E0A1 /* FIFA2017 */ = {
			isa = PBXGroup;
			children = (
				36397F831DB4B86000E5E0A1 /* icon */,
				36397F771DB4ACF300E5E0A1 /* opening.JPG */,
				36397F671DA4BA8700E5E0A1 /* user.png */,
				36397F681DA4BA8700E5E0A1 /* football.png */,
				36397F731DAE729400E5E0A1 /* spanner.png */,
				36397F751DAE86F000E5E0A1 /* shirt.png */,
				36397F451DA4138C00E5E0A1 /* AppDelegate.swift */,
				36397F611DA4B87600E5E0A1 /* DataType.swift */,
				36397F631DA4B90800E5E0A1 /* PlayerViewController.swift */,
				36397F981DB8C19100E5E0A1 /* EachPlayerViewController.swift */,
				36397F6B1DA4C24E00E5E0A1 /* AddPlayerViewController.swift */,
				36397F651DA4B91900E5E0A1 /* GameViewController.swift */,
				36397F6D1DA5933D00E5E0A1 /* AddGameViewController.swift */,
				36397F711DAE71B700E5E0A1 /* SettingViewController.swift */,
				36397F6F1DA95FED00E5E0A1 /* AddTeamViewController.swift */,
				36397F961DB88BE300E5E0A1 /* AddLeagueViewController.swift */,
				36397F791DB4AFC500E5E0A1 /* Media.xcassets */,
				36397F491DA4138C00E5E0A1 /* Main.storyboard */,
				36397F7B1DB4AFEA00E5E0A1 /* Launch Screen.storyboard */,
				36397F541DA4138C00E5E0A1 /* Info.plist */,
				36397F4C1DA4138C00E5E0A1 /* FIFA2017.xcdatamodeld */,
			);
			path = FIFA2017;
			sourceTree = "<group>";
		};
		36397F831DB4B86000E5E0A1 /* icon */ = {
			isa = PBXGroup;
			children = (
				36397F941DB4BAC100E5E0A1 /* 20x3.png */,
				36397F921DB4BAA300E5E0A1 /* 20x2.png */,
				36397F901DB4BA3E00E5E0A1 /* 29x3.png */,
				36397F8E1DB4BA0E00E5E0A1 /* 29x2.png */,
				36397F8C1DB4B9E500E5E0A1 /* 29x1.png */,
				36397F8A1DB4B96600E5E0A1 /* 40x2.png */,
				36397F881DB4B93F00E5E0A1 /* 57x2.png */,
				36397F861DB4B91500E5E0A1 /* 57x1.png */,
				36397F841DB4B89300E5E0A1 /* 60x3.png */,
				36397F811DB4B82A00E5E0A1 /* 60x2.png */,
			);
			name = icon;
			sourceTree = "<group>";
		};
/* End PBXGroup section */

/* Begin PBXNativeTarget section */
		36397F411DA4138C00E5E0A1 /* FIFA2017 */ = {
			isa = PBXNativeTarget;
			buildConfigurationList = 36397F571DA4138C00E5E0A1 /* Build configuration list for PBXNativeTarget "FIFA2017" */;
			buildPhases = (
				36397F3E1DA4138C00E5E0A1 /* Sources */,
				36397F3F1DA4138C00E5E0A1 /* Frameworks */,
				36397F401DA4138C00E5E0A1 /* Resources */,
				36397F5D1DA4139F00E5E0A1 /* Embed Frameworks */,
			);
			buildRules = (
			);
			dependencies = (
			);
			name = FIFA2017;
			productName = FIFA2017;
			productReference = 36397F421DA4138C00E5E0A1 /* FIFA2017.app */;
			productType = "com.apple.product-type.application";
		};
/* End PBXNativeTarget section */

/* Begin PBXProject section */
		36397F3A1DA4138C00E5E0A1 /* Project object */ = {
			isa = PBXProject;
			attributes = {
				LastSwiftUpdateCheck = 0800;
				LastUpgradeCheck = 0800;
				ORGANIZATIONNAME = "水谷　慎之介";
				TargetAttributes = {
					36397F411DA4138C00E5E0A1 = {
						CreatedOnToolsVersion = 8.0;
						DevelopmentTeam = VSJUJ39ZEL;
						ProvisioningStyle = Automatic;
					};
				};
			};
			buildConfigurationList = 36397F3D1DA4138C00E5E0A1 /* Build configuration list for PBXProject "FIFA2017" */;
			compatibilityVersion = "Xcode 3.2";
			developmentRegion = English;
			hasScannedForEncodings = 0;
			knownRegions = (
				en,
				Base,
			);
			mainGroup = 36397F391DA4138C00E5E0A1;
			productRefGroup = 36397F431DA4138C00E5E0A1 /* Products */;
			projectDirPath = "";
			projectRoot = "";
			targets = (
				36397F411DA4138C00E5E0A1 /* FIFA2017 */,
			);
		};
/* End PBXProject section */

/* Begin PBXResourcesBuildPhase section */
		36397F401DA4138C00E5E0A1 /* Resources */ = {
			isa = PBXResourcesBuildPhase;
			buildActionMask = 2147483647;
			files = (
				36397F951DB4BAC100E5E0A1 /* 20x3.png in Resources */,
				36397F911DB4BA3E00E5E0A1 /* 29x3.png in Resources */,
				36397F6A1DA4BA8700E5E0A1 /* football.png in Resources */,
				36397F821DB4B82A00E5E0A1 /* 60x2.png in Resources */,
				36397F7A1DB4AFC500E5E0A1 /* Media.xcassets in Resources */,
				36397F7C1DB4AFEA00E5E0A1 /* Launch Screen.storyboard in Resources */,
				36397F761DAE86F000E5E0A1 /* shirt.png in Resources */,
				36397F8D1DB4B9E500E5E0A1 /* 29x1.png in Resources */,
				36397F691DA4BA8700E5E0A1 /* user.png in Resources */,
				36397F931DB4BAA300E5E0A1 /* 20x2.png in Resources */,
				36397F8B1DB4B96600E5E0A1 /* 40x2.png in Resources */,
				36397F4B1DA4138C00E5E0A1 /* Main.storyboard in Resources */,
				36397F851DB4B89300E5E0A1 /* 60x3.png in Resources */,
				36397F891DB4B93F00E5E0A1 /* 57x2.png in Resources */,
				36397F871DB4B91500E5E0A1 /* 57x1.png in Resources */,
				36397F8F1DB4BA0E00E5E0A1 /* 29x2.png in Resources */,
				36397F781DB4ACF300E5E0A1 /* opening.JPG in Resources */,
				36397F741DAE729400E5E0A1 /* spanner.png in Resources */,
			);
			runOnlyForDeploymentPostprocessing = 0;
		};
/* End PBXResourcesBuildPhase section */

/* Begin PBXSourcesBuildPhase section */
		36397F3E1DA4138C00E5E0A1 /* Sources */ = {
			isa = PBXSourcesBuildPhase;
			buildActionMask = 2147483647;
			files = (
				36397F6E1DA5933D00E5E0A1 /* AddGameViewController.swift in Sources */,
				36397F971DB88BE300E5E0A1 /* AddLeagueViewController.swift in Sources */,
				36397F6C1DA4C24E00E5E0A1 /* AddPlayerViewController.swift in Sources */,
				36397F621DA4B87600E5E0A1 /* DataType.swift in Sources */,
				36397F4E1DA4138C00E5E0A1 /* FIFA2017.xcdatamodeld in Sources */,
				36397F991DB8C19100E5E0A1 /* EachPlayerViewController.swift in Sources */,
				36397F461DA4138C00E5E0A1 /* AppDelegate.swift in Sources */,
				36397F721DAE71B700E5E0A1 /* SettingViewController.swift in Sources */,
				36397F701DA95FED00E5E0A1 /* AddTeamViewController.swift in Sources */,
				36397F661DA4B91900E5E0A1 /* GameViewController.swift in Sources */,
				36397F641DA4B90800E5E0A1 /* PlayerViewController.swift in Sources */,
			);
			runOnlyForDeploymentPostprocessing = 0;
		};
/* End PBXSourcesBuildPhase section */

/* Begin PBXVariantGroup section */
		36397F491DA4138C00E5E0A1 /* Main.storyboard */ = {
			isa = PBXVariantGroup;
			children = (
				36397F4A1DA4138C00E5E0A1 /* Base */,
			);
			name = Main.storyboard;
			sourceTree = "<group>";
		};
/* End PBXVariantGroup section */

/* Begin XCBuildConfiguration section */
		36397F551DA4138C00E5E0A1 /* Debug */ = {
			isa = XCBuildConfiguration;
			buildSettings = {
				ALWAYS_SEARCH_USER_PATHS = NO;
				CLANG_ANALYZER_NONNULL = YES;
				CLANG_CXX_LANGUAGE_STANDARD = "gnu++0x";
				CLANG_CXX_LIBRARY = "libc++";
				CLANG_ENABLE_MODULES = YES;
				CLANG_ENABLE_OBJC_ARC = YES;
				CLANG_WARN_BOOL_CONVERSION = YES;
				CLANG_WARN_CONSTANT_CONVERSION = YES;
				CLANG_WARN_DIRECT_OBJC_ISA_USAGE = YES_ERROR;
				CLANG_WARN_DOCUMENTATION_COMMENTS = YES;
				CLANG_WARN_EMPTY_BODY = YES;
				CLANG_WARN_ENUM_CONVERSION = YES;
				CLANG_WARN_INFINITE_RECURSION = YES;
				CLANG_WARN_INT_CONVERSION = YES;
				CLANG_WARN_OBJC_ROOT_CLASS = YES_ERROR;
				CLANG_WARN_SUSPICIOUS_MOVES = YES;
				CLANG_WARN_UNREACHABLE_CODE = YES;
				CLANG_WARN__DUPLICATE_METHOD_MATCH = YES;
				"CODE_SIGN_IDENTITY[sdk=iphoneos*]" = "iPhone Developer";
				COPY_PHASE_STRIP = NO;
				DEBUG_INFORMATION_FORMAT = dwarf;
				ENABLE_STRICT_OBJC_MSGSEND = YES;
				ENABLE_TESTABILITY = YES;
				FRAMEWORK_SEARCH_PATHS = "../realm-swift-1.1.0/ios/swift-3.0";
				GCC_C_LANGUAGE_STANDARD = gnu99;
				GCC_DYNAMIC_NO_PIC = NO;
				GCC_NO_COMMON_BLOCKS = YES;
				GCC_OPTIMIZATION_LEVEL = 0;
				GCC_PREPROCESSOR_DEFINITIONS = (
					"DEBUG=1",
					"$(inherited)",
				);
				GCC_WARN_64_TO_32_BIT_CONVERSION = YES;
				GCC_WARN_ABOUT_RETURN_TYPE = YES_ERROR;
				GCC_WARN_UNDECLARED_SELECTOR = YES;
				GCC_WARN_UNINITIALIZED_AUTOS = YES_AGGRESSIVE;
				GCC_WARN_UNUSED_FUNCTION = YES;
				GCC_WARN_UNUSED_VARIABLE = YES;
				IPHONEOS_DEPLOYMENT_TARGET = 10.0;
				MTL_ENABLE_DEBUG_INFO = YES;
				ONLY_ACTIVE_ARCH = YES;
				SDKROOT = iphoneos;
				SWIFT_ACTIVE_COMPILATION_CONDITIONS = DEBUG;
				SWIFT_OPTIMIZATION_LEVEL = "-Onone";
			};
			name = Debug;
		};
		36397F561DA4138C00E5E0A1 /* Release */ = {
			isa = XCBuildConfiguration;
			buildSettings = {
				ALWAYS_SEARCH_USER_PATHS = NO;
				CLANG_ANALYZER_NONNULL = YES;
				CLANG_CXX_LANGUAGE_STANDARD = "gnu++0x";
				CLANG_CXX_LIBRARY = "libc++";
				CLANG_ENABLE_MODULES = YES;
				CLANG_ENABLE_OBJC_ARC = YES;
				CLANG_WARN_BOOL_CONVERSION = YES;
				CLANG_WARN_CONSTANT_CONVERSION = YES;
				CLANG_WARN_DIRECT_OBJC_ISA_USAGE = YES_ERROR;
				CLANG_WARN_DOCUMENTATION_COMMENTS = YES;
				CLANG_WARN_EMPTY_BODY = YES;
				CLANG_WARN_ENUM_CONVERSION = YES;
				CLANG_WARN_INFINITE_RECURSION = YES;
				CLANG_WARN_INT_CONVERSION = YES;
				CLANG_WARN_OBJC_ROOT_CLASS = YES_ERROR;
				CLANG_WARN_SUSPICIOUS_MOVES = YES;
				CLANG_WARN_UNREACHABLE_CODE = YES;
				CLANG_WARN__DUPLICATE_METHOD_MATCH = YES;
				"CODE_SIGN_IDENTITY[sdk=iphoneos*]" = "iPhone Developer";
				COPY_PHASE_STRIP = NO;
				DEBUG_INFORMATION_FORMAT = "dwarf-with-dsym";
				ENABLE_NS_ASSERTIONS = NO;
				ENABLE_STRICT_OBJC_MSGSEND = YES;
				FRAMEWORK_SEARCH_PATHS = "../realm-swift-1.1.0/ios/swift-3.0";
				GCC_C_LANGUAGE_STANDARD = gnu99;
				GCC_NO_COMMON_BLOCKS = YES;
				GCC_WARN_64_TO_32_BIT_CONVERSION = YES;
				GCC_WARN_ABOUT_RETURN_TYPE = YES_ERROR;
				GCC_WARN_UNDECLARED_SELECTOR = YES;
				GCC_WARN_UNINITIALIZED_AUTOS = YES_AGGRESSIVE;
				GCC_WARN_UNUSED_FUNCTION = YES;
				GCC_WARN_UNUSED_VARIABLE = YES;
				IPHONEOS_DEPLOYMENT_TARGET = 10.0;
				MTL_ENABLE_DEBUG_INFO = NO;
				SDKROOT = iphoneos;
				SWIFT_OPTIMIZATION_LEVEL = "-Owholemodule";
				VALIDATE_PRODUCT = YES;
			};
			name = Release;
		};
		36397F581DA4138C00E5E0A1 /* Debug */ = {
			isa = XCBuildConfiguration;
			buildSettings = {
				ASSETCATALOG_COMPILER_APPICON_NAME = AppIcon;
				DEVELOPMENT_TEAM = VSJUJ39ZEL;
				FRAMEWORK_SEARCH_PATHS = (
					"$(inherited)",
					"$(PROJECT_DIR)",
				);
				INFOPLIST_FILE = FIFA2017/Info.plist;
				LD_RUNPATH_SEARCH_PATHS = "$(inherited) @executable_path/Frameworks";
				PRODUCT_BUNDLE_IDENTIFIER = nosuke.FIFA2017;
				PRODUCT_NAME = "$(TARGET_NAME)";
				SWIFT_VERSION = 3.0;
			};
			name = Debug;
		};
		36397F591DA4138C00E5E0A1 /* Release */ = {
			isa = XCBuildConfiguration;
			buildSettings = {
				ASSETCATALOG_COMPILER_APPICON_NAME = AppIcon;
				DEVELOPMENT_TEAM = VSJUJ39ZEL;
				FRAMEWORK_SEARCH_PATHS = (
					"$(inherited)",
					"$(PROJECT_DIR)",
				);
				INFOPLIST_FILE = FIFA2017/Info.plist;
				LD_RUNPATH_SEARCH_PATHS = "$(inherited) @executable_path/Frameworks";
				PRODUCT_BUNDLE_IDENTIFIER = nosuke.FIFA2017;
				PRODUCT_NAME = "$(TARGET_NAME)";
				SWIFT_VERSION = 3.0;
			};
			name = Release;
		};
/* End XCBuildConfiguration section */

/* Begin XCConfigurationList section */
		36397F3D1DA4138C00E5E0A1 /* Build configuration list for PBXProject "FIFA2017" */ = {
			isa = XCConfigurationList;
			buildConfigurations = (
				36397F551DA4138C00E5E0A1 /* Debug */,
				36397F561DA4138C00E5E0A1 /* Release */,
			);
			defaultConfigurationIsVisible = 0;
			defaultConfigurationName = Release;
		};
		36397F571DA4138C00E5E0A1 /* Build configuration list for PBXNativeTarget "FIFA2017" */ = {
			isa = XCConfigurationList;
			buildConfigurations = (
				36397F581DA4138C00E5E0A1 /* Debug */,
				36397F591DA4138C00E5E0A1 /* Release */,
			);
			defaultConfigurationIsVisible = 0;
		};
/* End XCConfigurationList section */

/* Begin XCVersionGroup section */
		36397F4C1DA4138C00E5E0A1 /* FIFA2017.xcdatamodeld */ = {
			isa = XCVersionGroup;
			children = (
				36397F4D1DA4138C00E5E0A1 /* FIFA2017.xcdatamodel */,
			);
			currentVersion = 36397F4D1DA4138C00E5E0A1 /* FIFA2017.xcdatamodel */;
			path = FIFA2017.xcdatamodeld;
			sourceTree = "<group>";
			versionGroupType = wrapper.xcdatamodel;
		};
/* End XCVersionGroup section */
	};
	rootObject = 36397F3A1DA4138C00E5E0A1 /* Project object */;
}
